
Microsoft Visual Studio Solution File, Format Version 12.00
# Visual Studio Version 17
VisualStudioVersion = 17.7.34018.315
MinimumVisualStudioVersion = 10.0.40219.1
Project("{FAE04EC0-301F-11D3-BF4B-00C04F79EFBC}") = "IT Management", "IT Management\IT Management.csproj", "{8F545A18-7DA0-492C-9558-1994DE0980A0}"
EndProject
Global
	GlobalSection(SolutionConfigurationPlatforms) = preSolution
		Debug|Any CPU = Debug|Any CPU
		Release|Any CPU = Release|Any CPU
	EndGlobalSection
	GlobalSection(ProjectConfigurationPlatforms) = postSolution
		{8F545A18-7DA0-492C-9558-1994DE0980A0}.Debug|Any CPU.ActiveCfg = Debug|Any CPU
		{8F545A18-7DA0-492C-9558-1994DE0980A0}.Debug|Any CPU.Build.0 = Debug|Any CPU
		{8F545A18-7DA0-492C-9558-1994DE0980A0}.Release|Any CPU.ActiveCfg = Release|Any CPU
		{8F545A18-7DA0-492C-9558-1994DE0980A0}.Release|Any CPU.Build.0 = Release|Any CPU
	EndGlobalSection
	GlobalSection(SolutionProperties) = preSolution
		HideSolutionNode = FALSE
	EndGlobalSection
	GlobalSection(ExtensibilityGlobals) = postSolution
		SolutionGuid = {22D602DE-390C-4DC8-BFC4-601385901243}
	EndGlobalSection
EndGlobal
